
Microsoft Visual Studio Solution File, Format Version 12.00
# Visual Studio Version 17
VisualStudioVersion = 17.0.31912.275
MinimumVisualStudioVersion = 10.0.40219.1
Project("{FAE04EC0-301F-11D3-BF4B-00C04F79EFBC}") = "KLib.Ecs", "KLib.Ecs\KLib.Ecs.csproj", "{5DC0C93F-3AA1-4835-8DB5-3E9D5BBC7E4D}"
EndProject
Global
	GlobalSection(SolutionConfigurationPlatforms) = preSolution
		Debug|Any CPU = Debug|Any CPU
		Release|Any CPU = Release|Any CPU
	EndGlobalSection
	GlobalSection(ProjectConfigurationPlatforms) = postSolution
		{5DC0C93F-3AA1-4835-8DB5-3E9D5BBC7E4D}.Debug|Any CPU.ActiveCfg = Debug|Any CPU
		{5DC0C93F-3AA1-4835-8DB5-3E9D5BBC7E4D}.Debug|Any CPU.Build.0 = Debug|Any CPU
		{5DC0C93F-3AA1-4835-8DB5-3E9D5BBC7E4D}.Release|Any CPU.ActiveCfg = Release|Any CPU
		{5DC0C93F-3AA1-4835-8DB5-3E9D5BBC7E4D}.Release|Any CPU.Build.0 = Release|Any CPU
	EndGlobalSection
	GlobalSection(SolutionProperties) = preSolution
		HideSolutionNode = FALSE
	EndGlobalSection
	GlobalSection(ExtensibilityGlobals) = postSolution
		SolutionGuid = {B3957763-A412-464D-AB80-C90E1F4B7D0A}
	EndGlobalSection
EndGlobal
